
Microsoft Visual Studio Solution File, Format Version 12.00
# Visual Studio 15
VisualStudioVersion = 15.0.26730.16
MinimumVisualStudioVersion = 10.0.40219.1
Project("{9A19103F-16F7-4668-BE54-9A1E7A4F7556}") = "NuPkgSoins", "NuPkgSoins\NuPkgSoins.csproj", "{15AEE446-94AA-4F77-A142-29C38201FEBB}"
EndProject
Project("{FAE04EC0-301F-11D3-BF4B-00C04F79EFBC}") = "NuPkgSoinsTests", "NuPkgSoinsTests\NuPkgSoinsTests.csproj", "{AED75491-95FF-437F-9A60-34E930CB3166}"
EndProject
Global
	GlobalSection(SolutionConfigurationPlatforms) = preSolution
		Debug|Any CPU = Debug|Any CPU
		Release|Any CPU = Release|Any CPU
	EndGlobalSection
	GlobalSection(ProjectConfigurationPlatforms) = postSolution
		{15AEE446-94AA-4F77-A142-29C38201FEBB}.Debug|Any CPU.ActiveCfg = Debug|Any CPU
		{15AEE446-94AA-4F77-A142-29C38201FEBB}.Debug|Any CPU.Build.0 = Debug|Any CPU
		{15AEE446-94AA-4F77-A142-29C38201FEBB}.Release|Any CPU.ActiveCfg = Release|Any CPU
		{15AEE446-94AA-4F77-A142-29C38201FEBB}.Release|Any CPU.Build.0 = Release|Any CPU
		{AED75491-95FF-437F-9A60-34E930CB3166}.Debug|Any CPU.ActiveCfg = Debug|Any CPU
		{AED75491-95FF-437F-9A60-34E930CB3166}.Debug|Any CPU.Build.0 = Debug|Any CPU
		{AED75491-95FF-437F-9A60-34E930CB3166}.Release|Any CPU.ActiveCfg = Release|Any CPU
		{AED75491-95FF-437F-9A60-34E930CB3166}.Release|Any CPU.Build.0 = Release|Any CPU
	EndGlobalSection
	GlobalSection(SolutionProperties) = preSolution
		HideSolutionNode = FALSE
	EndGlobalSection
	GlobalSection(ExtensibilityGlobals) = postSolution
		SolutionGuid = {28E20952-384B-4023-A359-3403B9B001F0}
	EndGlobalSection
EndGlobal
